
Microsoft Visual Studio Solution File, Format Version 12.00
# Visual Studio 14
VisualStudioVersion = 14.0.25420.1
MinimumVisualStudioVersion = 10.0.40219.1
Project("{FAE04EC0-301F-11D3-BF4B-00C04F79EFBC}") = "Icris.GremlinQuery", "Icris.GremlinQuery\Icris.GremlinQuery.csproj", "{1C8F6043-2437-4C4A-B13E-D0126DFECD15}"
EndProject
Project("{FAE04EC0-301F-11D3-BF4B-00C04F79EFBC}") = "Icris.GremlinQuery.Tests", "Icris.GremlinQuery.Tests\Icris.GremlinQuery.Tests.csproj", "{C8323B1F-2767-4119-94C4-AFFE7046B4B8}"
EndProject
Global
	GlobalSection(SolutionConfigurationPlatforms) = preSolution
		Debug|Any CPU = Debug|Any CPU
		Release|Any CPU = Release|Any CPU
	EndGlobalSection
	GlobalSection(ProjectConfigurationPlatforms) = postSolution
		{1C8F6043-2437-4C4A-B13E-D0126DFECD15}.Debug|Any CPU.ActiveCfg = Debug|Any CPU
		{1C8F6043-2437-4C4A-B13E-D0126DFECD15}.Debug|Any CPU.Build.0 = Debug|Any CPU
		{1C8F6043-2437-4C4A-B13E-D0126DFECD15}.Release|Any CPU.ActiveCfg = Release|Any CPU
		{1C8F6043-2437-4C4A-B13E-D0126DFECD15}.Release|Any CPU.Build.0 = Release|Any CPU
		{C8323B1F-2767-4119-94C4-AFFE7046B4B8}.Debug|Any CPU.ActiveCfg = Debug|Any CPU
		{C8323B1F-2767-4119-94C4-AFFE7046B4B8}.Debug|Any CPU.Build.0 = Debug|Any CPU
		{C8323B1F-2767-4119-94C4-AFFE7046B4B8}.Release|Any CPU.ActiveCfg = Release|Any CPU
		{C8323B1F-2767-4119-94C4-AFFE7046B4B8}.Release|Any CPU.Build.0 = Release|Any CPU
	EndGlobalSection
	GlobalSection(SolutionProperties) = preSolution
		HideSolutionNode = FALSE
	EndGlobalSection
EndGlobal
